
Microsoft Visual Studio Solution File, Format Version 12.00
# Visual Studio Version 16
VisualStudioVersion = 16.0.29306.81
MinimumVisualStudioVersion = 10.0.40219.1
Project("{FAE04EC0-301F-11D3-BF4B-00C04F79EFBC}") = "Problemario", "Problemario\Problemario.csproj", "{BE6D9BC6-B10F-418A-A4EE-62EEFEE5ACBA}"
EndProject
Global
	GlobalSection(SolutionConfigurationPlatforms) = preSolution
		Debug|Any CPU = Debug|Any CPU
		Release|Any CPU = Release|Any CPU
	EndGlobalSection
	GlobalSection(ProjectConfigurationPlatforms) = postSolution
		{BE6D9BC6-B10F-418A-A4EE-62EEFEE5ACBA}.Debug|Any CPU.ActiveCfg = Debug|Any CPU
		{BE6D9BC6-B10F-418A-A4EE-62EEFEE5ACBA}.Debug|Any CPU.Build.0 = Debug|Any CPU
		{BE6D9BC6-B10F-418A-A4EE-62EEFEE5ACBA}.Release|Any CPU.ActiveCfg = Release|Any CPU
		{BE6D9BC6-B10F-418A-A4EE-62EEFEE5ACBA}.Release|Any CPU.Build.0 = Release|Any CPU
	EndGlobalSection
	GlobalSection(SolutionProperties) = preSolution
		HideSolutionNode = FALSE
	EndGlobalSection
	GlobalSection(ExtensibilityGlobals) = postSolution
		SolutionGuid = {780D33E5-6665-4AD2-9148-BBFE79B6D65F}
	EndGlobalSection
EndGlobal
